
Microsoft Visual Studio Solution File, Format Version 12.00
# Visual Studio Version 17
VisualStudioVersion = 17.2.32516.85
MinimumVisualStudioVersion = 10.0.40219.1
Project("{FAE04EC0-301F-11D3-BF4B-00C04F79EFBC}") = "Lab2GM", "Lab2GM\Lab2GM.csproj", "{6049A0FF-D8FE-482A-AED4-5DAE2C80C701}"
EndProject
Global
	GlobalSection(SolutionConfigurationPlatforms) = preSolution
		Debug|Any CPU = Debug|Any CPU
		Release|Any CPU = Release|Any CPU
	EndGlobalSection
	GlobalSection(ProjectConfigurationPlatforms) = postSolution
		{6049A0FF-D8FE-482A-AED4-5DAE2C80C701}.Debug|Any CPU.ActiveCfg = Debug|Any CPU
		{6049A0FF-D8FE-482A-AED4-5DAE2C80C701}.Debug|Any CPU.Build.0 = Debug|Any CPU
		{6049A0FF-D8FE-482A-AED4-5DAE2C80C701}.Release|Any CPU.ActiveCfg = Release|Any CPU
		{6049A0FF-D8FE-482A-AED4-5DAE2C80C701}.Release|Any CPU.Build.0 = Release|Any CPU
	EndGlobalSection
	GlobalSection(SolutionProperties) = preSolution
		HideSolutionNode = FALSE
	EndGlobalSection
	GlobalSection(ExtensibilityGlobals) = postSolution
		SolutionGuid = {90EC9C46-CB35-42AD-A5FD-CC1CC961A570}
	EndGlobalSection
EndGlobal
